
Microsoft Visual Studio Solution File, Format Version 12.00
# Visual Studio Version 17
VisualStudioVersion = 17.13.35825.156 d17.13
MinimumVisualStudioVersion = 10.0.40219.1
Project("{888888A0-9F3D-457C-B088-3A5042F75D52}") = "KontrollTooKordused", "KontrollTooKordused\KontrollTooKordused.pyproj", "{E33742D4-01F5-4C00-80EA-B34DF5CFABBF}"
EndProject
Global
	GlobalSection(SolutionConfigurationPlatforms) = preSolution
		Debug|Any CPU = Debug|Any CPU
		Release|Any CPU = Release|Any CPU
	EndGlobalSection
	GlobalSection(ProjectConfigurationPlatforms) = postSolution
		{E33742D4-01F5-4C00-80EA-B34DF5CFABBF}.Debug|Any CPU.ActiveCfg = Debug|Any CPU
		{E33742D4-01F5-4C00-80EA-B34DF5CFABBF}.Release|Any CPU.ActiveCfg = Release|Any CPU
	EndGlobalSection
	GlobalSection(SolutionProperties) = preSolution
		HideSolutionNode = FALSE
	EndGlobalSection
	GlobalSection(ExtensibilityGlobals) = postSolution
		SolutionGuid = {3798A2F1-6B60-4566-B85B-E5D9EDDD147C}
	EndGlobalSection
EndGlobal
